{
  "name": "js-script",
  "version": "1.0.0",
  "lockfileVersion": 2,
  "requires": true,
  "packages": {
    "": {
      "name": "js-script",
      "version": "1.0.0",
      "license": "ISC",
      "devDependencies": {
        "cash-dom": "^8.1.2",
        "typescript": "^4.9.3"
      }
    },
    "node_modules/cash-dom": {
      "version": "8.1.2",
      "resolved": "https://registry.npmjs.org/cash-dom/-/cash-dom-8.1.2.tgz",
      "integrity": "sha512-psFPAgakPmqf7CYeDw58/TcafQtNX+VjZ+8vhSEwiW9KeF8PDHzl1huz7bHasCFyK7j/4NSQSRIOLR2LaKUTcA==",
      "dev": true
    },
    "node_modules/typescript": {
      "version": "4.9.3",
      "resolved": "https://registry.npmjs.org/typescript/-/typescript-4.9.3.tgz",
      "integrity": "sha512-CIfGzTelbKNEnLpLdGFgdyKhG23CKdKgQPOBc+OUNrkJ2vr+KSzsSV5kq5iWhEQbok+quxgGzrAtGWCyU7tHnA==",
      "dev": true,
      "bin": {
        "tsc": "bin/tsc",
        "tsserver": "bin/tsserver"
      },
      "engines": {
        "node": ">=4.2.0"
      }
    }
  },
  "dependencies": {
    "cash-dom": {
      "version": "8.1.2",
      "resolved": "https://registry.npmjs.org/cash-dom/-/cash-dom-8.1.2.tgz",
      "integrity": "sha512-psFPAgakPmqf7CYeDw58/TcafQtNX+VjZ+8vhSEwiW9KeF8PDHzl1huz7bHasCFyK7j/4NSQSRIOLR2LaKUTcA==",
      "dev": true
    },
    "typescript": {
      "version": "4.9.3",
      "resolved": "https://registry.npmjs.org/typescript/-/typescript-4.9.3.tgz",
      "integrity": "sha512-CIfGzTelbKNEnLpLdGFgdyKhG23CKdKgQPOBc+OUNrkJ2vr+KSzsSV5kq5iWhEQbok+quxgGzrAtGWCyU7tHnA==",
      "dev": true
    }
  }
}
